
Microsoft Visual Studio Solution File, Format Version 12.00
# Visual Studio Version 16
VisualStudioVersion = 16.0.30104.148
MinimumVisualStudioVersion = 10.0.40219.1
Project("{FAE04EC0-301F-11D3-BF4B-00C04F79EFBC}") = "EventSourcingSpike", "EventSourcingSpike\EventSourcingSpike.csproj", "{6EDFE3DE-80C8-4BFD-9AE3-D809EAF8CB38}"
EndProject
Project("{9A19103F-16F7-4668-BE54-9A1E7A4F7556}") = "EventSourcingSpike.Domain", "EventSourcingSpike.Domain\EventSourcingSpike.Domain.csproj", "{B77268B5-92D1-4058-92D5-261195B2271A}"
EndProject
Project("{9A19103F-16F7-4668-BE54-9A1E7A4F7556}") = "EventSourcingSpike.Framework", "EventSourcingSpike.Framework\EventSourcingSpike.Framework.csproj", "{BD5244DE-162F-468F-9A40-6F7EA1637BA3}"
EndProject
Project("{2150E333-8FDC-42A3-9474-1A3956D46DE8}") = "Solution Items", "Solution Items", "{6409E7FC-E7D8-449C-887B-0C05ECA2AAE1}"
	ProjectSection(SolutionItems) = preProject
		.editorconfig = .editorconfig
	EndProjectSection
EndProject
Global
	GlobalSection(SolutionConfigurationPlatforms) = preSolution
		Debug|Any CPU = Debug|Any CPU
		Release|Any CPU = Release|Any CPU
	EndGlobalSection
	GlobalSection(ProjectConfigurationPlatforms) = postSolution
		{6EDFE3DE-80C8-4BFD-9AE3-D809EAF8CB38}.Debug|Any CPU.ActiveCfg = Debug|Any CPU
		{6EDFE3DE-80C8-4BFD-9AE3-D809EAF8CB38}.Debug|Any CPU.Build.0 = Debug|Any CPU
		{6EDFE3DE-80C8-4BFD-9AE3-D809EAF8CB38}.Release|Any CPU.ActiveCfg = Release|Any CPU
		{6EDFE3DE-80C8-4BFD-9AE3-D809EAF8CB38}.Release|Any CPU.Build.0 = Release|Any CPU
		{B77268B5-92D1-4058-92D5-261195B2271A}.Debug|Any CPU.ActiveCfg = Debug|Any CPU
		{B77268B5-92D1-4058-92D5-261195B2271A}.Debug|Any CPU.Build.0 = Debug|Any CPU
		{B77268B5-92D1-4058-92D5-261195B2271A}.Release|Any CPU.ActiveCfg = Release|Any CPU
		{B77268B5-92D1-4058-92D5-261195B2271A}.Release|Any CPU.Build.0 = Release|Any CPU
		{BD5244DE-162F-468F-9A40-6F7EA1637BA3}.Debug|Any CPU.ActiveCfg = Debug|Any CPU
		{BD5244DE-162F-468F-9A40-6F7EA1637BA3}.Debug|Any CPU.Build.0 = Debug|Any CPU
		{BD5244DE-162F-468F-9A40-6F7EA1637BA3}.Release|Any CPU.ActiveCfg = Release|Any CPU
		{BD5244DE-162F-468F-9A40-6F7EA1637BA3}.Release|Any CPU.Build.0 = Release|Any CPU
	EndGlobalSection
	GlobalSection(SolutionProperties) = preSolution
		HideSolutionNode = FALSE
	EndGlobalSection
	GlobalSection(ExtensibilityGlobals) = postSolution
		SolutionGuid = {E327DF3A-BCD6-4A3C-9202-88E585709720}
	EndGlobalSection
EndGlobal
